
Microsoft Visual Studio Solution File, Format Version 12.00
# Visual Studio Version 16
VisualStudioVersion = 16.0.30225.117
MinimumVisualStudioVersion = 10.0.40219.1
Project("{FAE04EC0-301F-11D3-BF4B-00C04F79EFBC}") = "ShopMobile.wedApp", "ShopMobile.wedApp.csproj", "{43FDD9AE-4B97-47A5-A281-6986ED3FB36C}"
EndProject
Global
	GlobalSection(SolutionConfigurationPlatforms) = preSolution
		Debug|Any CPU = Debug|Any CPU
		Release|Any CPU = Release|Any CPU
	EndGlobalSection
	GlobalSection(ProjectConfigurationPlatforms) = postSolution
		{43FDD9AE-4B97-47A5-A281-6986ED3FB36C}.Debug|Any CPU.ActiveCfg = Debug|Any CPU
		{43FDD9AE-4B97-47A5-A281-6986ED3FB36C}.Debug|Any CPU.Build.0 = Debug|Any CPU
		{43FDD9AE-4B97-47A5-A281-6986ED3FB36C}.Release|Any CPU.ActiveCfg = Release|Any CPU
		{43FDD9AE-4B97-47A5-A281-6986ED3FB36C}.Release|Any CPU.Build.0 = Release|Any CPU
	EndGlobalSection
	GlobalSection(SolutionProperties) = preSolution
		HideSolutionNode = FALSE
	EndGlobalSection
	GlobalSection(ExtensibilityGlobals) = postSolution
		SolutionGuid = {ABF7646D-768D-414A-B04C-CFA788B28CFD}
	EndGlobalSection
EndGlobal
